
Microsoft Visual Studio Solution File, Format Version 12.00
# Visual Studio Version 17
VisualStudioVersion = 17.3.32929.385
MinimumVisualStudioVersion = 10.0.40219.1
Project("{FAE04EC0-301F-11D3-BF4B-00C04F79EFBC}") = "App_ConsultaPrestamosDeportivos", "App_ConsultaPrestamosDeportivos.csproj", "{3AAF6F05-AC49-4E45-95DA-532160904E5A}"
EndProject
Global
	GlobalSection(SolutionConfigurationPlatforms) = preSolution
		Debug|Any CPU = Debug|Any CPU
		Release|Any CPU = Release|Any CPU
	EndGlobalSection
	GlobalSection(ProjectConfigurationPlatforms) = postSolution
		{3AAF6F05-AC49-4E45-95DA-532160904E5A}.Debug|Any CPU.ActiveCfg = Debug|Any CPU
		{3AAF6F05-AC49-4E45-95DA-532160904E5A}.Debug|Any CPU.Build.0 = Debug|Any CPU
		{3AAF6F05-AC49-4E45-95DA-532160904E5A}.Release|Any CPU.ActiveCfg = Release|Any CPU
		{3AAF6F05-AC49-4E45-95DA-532160904E5A}.Release|Any CPU.Build.0 = Release|Any CPU
	EndGlobalSection
	GlobalSection(SolutionProperties) = preSolution
		HideSolutionNode = FALSE
	EndGlobalSection
	GlobalSection(ExtensibilityGlobals) = postSolution
		SolutionGuid = {A852D996-0697-44D9-88F7-D8FC8114E522}
	EndGlobalSection
EndGlobal
